
Microsoft Visual Studio Solution File, Format Version 12.00
Project("{FAE04EC0-301F-11D3-BF4B-00C04F79EFBC}") = "WalletConsoleApi", "WalletConsoleApi\WalletConsoleApi.csproj", "{9185DBFD-4DFA-46AE-87A2-0ACECF8B8085}"
EndProject
Project("{2150E333-8FDC-42A3-9474-1A3956D46DE8}") = "Solution Items", "Solution Items", "{ECD8CD21-A41A-42A9-ADE0-29DE7C639C90}"
	ProjectSection(SolutionItems) = preProject
		README.md = README.md
		Dockerfile = Dockerfile
		.dockerignore = .dockerignore
		.gitignore = .gitignore
		LICENSE = LICENSE
		.gitattributes = .gitattributes
	EndProjectSection
EndProject
Project("{FAE04EC0-301F-11D3-BF4B-00C04F79EFBC}") = "WalletConsoleApi.Integration.Tests", "WalletConsoleApi.Integration.Tests\WalletConsoleApi.Integration.Tests.csproj", "{C0726BA4-DDE1-47B6-B1ED-EE10F95A98C0}"
EndProject
Global
	GlobalSection(SolutionConfigurationPlatforms) = preSolution
		Debug|Any CPU = Debug|Any CPU
		Release|Any CPU = Release|Any CPU
	EndGlobalSection
	GlobalSection(ProjectConfigurationPlatforms) = postSolution
		{9185DBFD-4DFA-46AE-87A2-0ACECF8B8085}.Debug|Any CPU.ActiveCfg = Debug|Any CPU
		{9185DBFD-4DFA-46AE-87A2-0ACECF8B8085}.Debug|Any CPU.Build.0 = Debug|Any CPU
		{9185DBFD-4DFA-46AE-87A2-0ACECF8B8085}.Release|Any CPU.ActiveCfg = Release|Any CPU
		{9185DBFD-4DFA-46AE-87A2-0ACECF8B8085}.Release|Any CPU.Build.0 = Release|Any CPU
		{C0726BA4-DDE1-47B6-B1ED-EE10F95A98C0}.Debug|Any CPU.ActiveCfg = Debug|Any CPU
		{C0726BA4-DDE1-47B6-B1ED-EE10F95A98C0}.Debug|Any CPU.Build.0 = Debug|Any CPU
		{C0726BA4-DDE1-47B6-B1ED-EE10F95A98C0}.Release|Any CPU.ActiveCfg = Release|Any CPU
		{C0726BA4-DDE1-47B6-B1ED-EE10F95A98C0}.Release|Any CPU.Build.0 = Release|Any CPU
	EndGlobalSection
EndGlobal
